name: Refresh secure package lock

on:
  push:
    branches: [codex/public-portal-mvp-ready]

permissions:
  contents: read

env:
  NEXT_TELEMETRY_DISABLED: "1"

jobs:
  lockfile:
    runs-on: ubuntu-latest
    timeout-minutes: 10
    steps:
      - uses: actions/checkout@v6
      - uses: actions/setup-node@v6
        with:
          node-version: 22
          cache: npm
      - name: Generate a fresh lockfile from the minimal dependency set
        run: |
          rm -f package-lock.json
          npm install --package-lock-only --ignore-scripts
      - name: Audit production dependencies
        run: npm audit --omit=dev --audit-level=high
      - uses: actions/upload-artifact@v7
        with:
          name: secure-package-lock
          path: package-lock.json
          if-no-files-found: error
          retention-days: 1
